<?xml version="1.0" encoding="utf-8"?>
<Project ToolsVersion="4.0" xmlns="http://schemas.microsoft.com/developer/msbuild/2003">
  <ItemGroup>
    <Filter Include="Source Files">
      <UniqueIdentifier>{4FC737F1-C7A5-4376-A066-2A32D752A2FF}</UniqueIdentifier>
      <Extensions>cpp;c;cc;cxx;c++;cppm;ixx;def;odl;idl;hpj;bat;asm;asmx</Extensions>
    </Filter>
    <Filter Include="Header Files">
      <UniqueIdentifier>{93995380-89BD-4b04-88EB-625FBE52EBFB}</UniqueIdentifier>
      <Extensions>h;hh;hpp;hxx;h++;hm;inl;inc;ipp;xsd</Extensions>
    </Filter>
    <Filter Include="Resource Files">
      <UniqueIdentifier>{67DA6AB6-F800-4c08-8B7A-83BB121AAD01}</UniqueIdentifier>
      <Extensions>rc;ico;cur;bmp;dlg;rc2;rct;bin;rgs;gif;jpg;jpeg;jpe;resx;tiff;tif;png;wav;mfcribbon-ms</Extensions>
    </Filter>
  </ItemGroup>
  <ItemGroup>
    <ClCompile Include="interface.cpp">
      <Filter>Source Files</Filter>
    </ClCompile>
    <ClCompile Include="applicant.cpp">
      <Filter>Source Files</Filter>
    </ClCompile>
    <ClCompile Include="fileHandling.cpp">
      <Filter>Source Files</Filter>
    </ClCompile>
    <ClCompile Include="home.cpp">
      <Filter>Source Files</Filter>
    </ClCompile>
    <ClCompile Include="CarState.cpp">
      <Filter>Source Files</Filter>
    </ClCompile>
    <ClCompile Include="cnic.cpp">
      <Filter>Source Files</Filter>
    </ClCompile>
    <ClCompile Include="Car.cpp">
      <Filter>Source Files</Filter>
    </ClCompile>
    <ClCompile Include="CNICState.cpp">
      <Filter>Source Files</Filter>
    </ClCompile>
    <ClCompile Include="HomeState.cpp">
      <Filter>Source Files</Filter>
    </ClCompile>
    <ClCompile Include="MainState.cpp">
      <Filter>Source Files</Filter>
    </ClCompile>
    <ClCompile Include="Scooter.cpp">
      <Filter>Source Files</Filter>
    </ClCompile>
    <ClCompile Include="LenderInterface.cpp">
      <Filter>Source Files</Filter>
    </ClCompile>
    <ClCompile Include="ScooterState.cpp">
      <Filter>Source Files</Filter>
    </ClCompile>
    <ClCompile Include="StateManager.cpp">
      <Filter>Source Files</Filter>
    </ClCompile>
  </ItemGroup>
  <ItemGroup>
    <Text Include="Utterances.txt" />
    <Text Include="..\..\..\..\..\Car.txt" />
    <Text Include="..\..\..\..\..\Home.txt" />
    <Text Include="..\..\..\..\..\Scooter.txt" />
    <Text Include="applications.txt" />
    <Text Include="personal.txt">
      <Filter>Source Files</Filter>
    </Text>
  </ItemGroup>
  <ItemGroup>
    <ClInclude Include="loan.h">
      <Filter>Header Files</Filter>
    </ClInclude>
    <ClInclude Include="applicant.h">
      <Filter>Header Files</Filter>
    </ClInclude>
    <ClInclude Include="fileHandling.h">
      <Filter>Header Files</Filter>
    </ClInclude>
    <ClInclude Include="home.h">
      <Filter>Header Files</Filter>
    </ClInclude>
    <ClInclude Include="CarState.h">
      <Filter>Header Files</Filter>
    </ClInclude>
    <ClInclude Include="ChatState.h">
      <Filter>Header Files</Filter>
    </ClInclude>
    <ClInclude Include="cnic.h">
      <Filter>Header Files</Filter>
    </ClInclude>
    <ClInclude Include="Car.h">
      <Filter>Header Files</Filter>
    </ClInclude>
    <ClInclude Include="CNICState.h">
      <Filter>Header Files</Filter>
    </ClInclude>
    <ClInclude Include="HomeState.h">
      <Filter>Header Files</Filter>
    </ClInclude>
    <ClInclude Include="MainState.h">
      <Filter>Header Files</Filter>
    </ClInclude>
    <ClInclude Include="Scooter.h">
      <Filter>Header Files</Filter>
    </ClInclude>
    <ClInclude Include="ScooterState.h">
      <Filter>Header Files</Filter>
    </ClInclude>
    <ClInclude Include="StateManager.h">
      <Filter>Header Files</Filter>
    </ClInclude>
  </ItemGroup>
</Project>